
Microsoft Visual Studio Solution File, Format Version 11.00
# Visual Basic Express 2010
Project("{F184B08F-C81C-45F6-A57F-5ABD9991F28F}") = "ClassLibrary1", "ClassLibrary1\ClassLibrary1.vbproj", "{3656CB6B-AF73-403D-975D-5473094A35DA}"
EndProject
Project("{F184B08F-C81C-45F6-A57F-5ABD9991F28F}") = "WindowsApplication1", "WindowsApplication1\WindowsApplication1.vbproj", "{8481829F-0633-4006-97F6-BFA6E311F90A}"
EndProject
Global
	GlobalSection(SolutionConfigurationPlatforms) = preSolution
		Debug|Any CPU = Debug|Any CPU
		Debug|Mixed Platforms = Debug|Mixed Platforms
		Debug|x86 = Debug|x86
		Release|Any CPU = Release|Any CPU
		Release|Mixed Platforms = Release|Mixed Platforms
		Release|x86 = Release|x86
	EndGlobalSection
	GlobalSection(ProjectConfigurationPlatforms) = postSolution
		{3656CB6B-AF73-403D-975D-5473094A35DA}.Debug|Any CPU.ActiveCfg = Debug|Any CPU
		{3656CB6B-AF73-403D-975D-5473094A35DA}.Debug|Any CPU.Build.0 = Debug|Any CPU
		{3656CB6B-AF73-403D-975D-5473094A35DA}.Debug|Mixed Platforms.ActiveCfg = Debug|Any CPU
		{3656CB6B-AF73-403D-975D-5473094A35DA}.Debug|Mixed Platforms.Build.0 = Debug|Any CPU
		{3656CB6B-AF73-403D-975D-5473094A35DA}.Debug|x86.ActiveCfg = Debug|Any CPU
		{3656CB6B-AF73-403D-975D-5473094A35DA}.Release|Any CPU.ActiveCfg = Release|Any CPU
		{3656CB6B-AF73-403D-975D-5473094A35DA}.Release|Any CPU.Build.0 = Release|Any CPU
		{3656CB6B-AF73-403D-975D-5473094A35DA}.Release|Mixed Platforms.ActiveCfg = Release|Any CPU
		{3656CB6B-AF73-403D-975D-5473094A35DA}.Release|Mixed Platforms.Build.0 = Release|Any CPU
		{3656CB6B-AF73-403D-975D-5473094A35DA}.Release|x86.ActiveCfg = Release|Any CPU
		{8481829F-0633-4006-97F6-BFA6E311F90A}.Debug|Any CPU.ActiveCfg = Debug|x86
		{8481829F-0633-4006-97F6-BFA6E311F90A}.Debug|Mixed Platforms.ActiveCfg = Debug|x86
		{8481829F-0633-4006-97F6-BFA6E311F90A}.Debug|Mixed Platforms.Build.0 = Debug|x86
		{8481829F-0633-4006-97F6-BFA6E311F90A}.Debug|x86.ActiveCfg = Debug|x86
		{8481829F-0633-4006-97F6-BFA6E311F90A}.Debug|x86.Build.0 = Debug|x86
		{8481829F-0633-4006-97F6-BFA6E311F90A}.Release|Any CPU.ActiveCfg = Release|x86
		{8481829F-0633-4006-97F6-BFA6E311F90A}.Release|Mixed Platforms.ActiveCfg = Release|x86
		{8481829F-0633-4006-97F6-BFA6E311F90A}.Release|Mixed Platforms.Build.0 = Release|x86
		{8481829F-0633-4006-97F6-BFA6E311F90A}.Release|x86.ActiveCfg = Release|x86
		{8481829F-0633-4006-97F6-BFA6E311F90A}.Release|x86.Build.0 = Release|x86
	EndGlobalSection
	GlobalSection(SolutionProperties) = preSolution
		HideSolutionNode = FALSE
	EndGlobalSection
EndGlobal
